
Microsoft Visual Studio Solution File, Format Version 12.00
# Visual Studio Version 16
VisualStudioVersion = 16.0.32126.315
MinimumVisualStudioVersion = 10.0.40219.1
Project("{159641D6-6404-4A2A-AE62-294DE0FE8301}") = "ssis_project", "ssis_project.dtproj", "{A61476FE-22C2-4286-8201-6CBCD4C780C3}"
EndProject
Global
	GlobalSection(SolutionConfigurationPlatforms) = preSolution
		Development|Default = Development|Default
	EndGlobalSection
	GlobalSection(ProjectConfigurationPlatforms) = postSolution
		{A61476FE-22C2-4286-8201-6CBCD4C780C3}.Development|Default.ActiveCfg = Development
		{A61476FE-22C2-4286-8201-6CBCD4C780C3}.Development|Default.Build.0 = Development
	EndGlobalSection
	GlobalSection(SolutionProperties) = preSolution
		HideSolutionNode = FALSE
	EndGlobalSection
	GlobalSection(ExtensibilityGlobals) = postSolution
		SolutionGuid = {1DAD6197-2B9D-49EB-AECC-4A52DF2C4F63}
	EndGlobalSection
EndGlobal
